// !$*UTF8*$!
{
	archiveVersion = 1;
	classes = {
	};
	objectVersion = 46;
	objects = {

/* Begin PBXBuildFile section */
		207352171CD10FD000E371AD /* AppDelegate.swift in Sources */ = {isa = PBXBuildFile; fileRef = 207352161CD10FD000E371AD /* AppDelegate.swift */; };
		207352191CD10FD000E371AD /* ViewController.swift in Sources */ = {isa = PBXBuildFile; fileRef = 207352181CD10FD000E371AD /* ViewController.swift */; };
		2073521C1CD10FD000E371AD /* Main.storyboard in Resources */ = {isa = PBXBuildFile; fileRef = 2073521A1CD10FD000E371AD /* Main.storyboard */; };
		2073521E1CD10FD000E371AD /* Assets.xcassets in Resources */ = {isa = PBXBuildFile; fileRef = 2073521D1CD10FD000E371AD /* Assets.xcassets */; };
		207352211CD10FD000E371AD /* LaunchScreen.storyboard in Resources */ = {isa = PBXBuildFile; fileRef = 2073521F1CD10FD000E371AD /* LaunchScreen.storyboard */; };
/* End PBXBuildFile section */

/* Begin PBXFileReference section */
		207352131CD10FD000E371AD /* MobileJazz.app */ = {isa = PBXFileReference; explicitFileType = wrapper.application; includeInIndex = 0; path = MobileJazz.app; sourceTree = BUILT_PRODUCTS_DIR; };
		207352161CD10FD000E371AD /* AppDelegate.swift */ = {isa = PBXFileReference; lastKnownFileType = sourcecode.swift; path = AppDelegate.swift; sourceTree = "<group>"; };
		207352181CD10FD000E371AD /* ViewController.swift */ = {isa = PBXFileReference; lastKnownFileType = sourcecode.swift; path = ViewController.swift; sourceTree = "<group>"; };
		2073521B1CD10FD000E371AD /* Base */ = {isa = PBXFileReference; lastKnownFileType = file.storyboard; name = Base; path = Base.lproj/Main.storyboard; sourceTree = "<group>"; };
		2073521D1CD10FD000E371AD /* Assets.xcassets */ = {isa = PBXFileReference; lastKnownFileType = folder.assetcatalog; path = Assets.xcassets; sourceTree = "<group>"; };
		207352201CD10FD000E371AD /* Base */ = {isa = PBXFileReference; lastKnownFileType = file.storyboard; name = Base; path = Base.lproj/LaunchScreen.storyboard; sourceTree = "<group>"; };
		207352221CD10FD000E371AD /* Info.plist */ = {isa = PBXFileReference; lastKnownFileType = text.plist.xml; path = Info.plist; sourceTree = "<group>"; };
/* End PBXFileReference section */

/* Begin PBXFrameworksBuildPhase section */
		207352101CD10FD000E371AD /* Frameworks */ = {
			isa = PBXFrameworksBuildPhase;
			buildActionMask = 2147483647;
			files = (
			);
			runOnlyForDeploymentPostprocessing = 0;
		};
/* End PBXFrameworksBuildPhase section */

/* Begin PBXGroup section */
		2073520A1CD10FD000E371AD = {
			isa = PBXGroup;
			children = (
				207352151CD10FD000E371AD /* MobileJazz */,
				207352141CD10FD000E371AD /* Products */,
			);
			sourceTree = "<group>";
		};
		207352141CD10FD000E371AD /* Products */ = {
			isa = PBXGroup;
			children = (
				207352131CD10FD000E371AD /* MobileJazz.app */,
			);
			name = Products;
			sourceTree = "<group>";
		};
		207352151CD10FD000E371AD /* MobileJazz */ = {
			isa = PBXGroup;
			children = (
				207352161CD10FD000E371AD /* AppDelegate.swift */,
				207352181CD10FD000E371AD /* ViewController.swift */,
				2073521A1CD10FD000E371AD /* Main.storyboard */,
				2073521D1CD10FD000E371AD /* Assets.xcassets */,
				2073521F1CD10FD000E371AD /* LaunchScreen.storyboard */,
				207352221CD10FD000E371AD /* Info.plist */,
			);
			path = MobileJazz;
			sourceTree = "<group>";
		};
/* End PBXGroup section */

/* Begin PBXNativeTarget section */
		207352121CD10FD000E371AD /* MobileJazz */ = {
			isa = PBXNativeTarget;
			buildConfigurationList = 207352251CD10FD000E371AD /* Build configuration list for PBXNativeTarget "MobileJazz" */;
			buildPhases = (
				2073520F1CD10FD000E371AD /* Sources */,
				207352101CD10FD000E371AD /* Frameworks */,
				207352111CD10FD000E371AD /* Resources */,
			);
			buildRules = (
			);
			dependencies = (
			);
			name = MobileJazz;
			productName = MobileJazz;
			productReference = 207352131CD10FD000E371AD /* MobileJazz.app */;
			productType = "com.apple.product-type.application";
		};
/* End PBXNativeTarget section */

/* Begin PBXProject section */
		2073520B1CD10FD000E371AD /* Project object */ = {
			isa = PBXProject;
			attributes = {
				LastSwiftUpdateCheck = 0730;
				LastUpgradeCheck = 0730;
				ORGANIZATIONNAME = Nakkotech;
				TargetAttributes = {
					207352121CD10FD000E371AD = {
						CreatedOnToolsVersion = 7.3;
					};
				};
			};
			buildConfigurationList = 2073520E1CD10FD000E371AD /* Build configuration list for PBXProject "MobileJazz" */;
			compatibilityVersion = "Xcode 3.2";
			developmentRegion = English;
			hasScannedForEncodings = 0;
			knownRegions = (
				en,
				Base,
			);
			mainGroup = 2073520A1CD10FD000E371AD;
			productRefGroup = 207352141CD10FD000E371AD /* Products */;
			projectDirPath = "";
			projectRoot = "";
			targets = (
				207352121CD10FD000E371AD /* MobileJazz */,
			);
		};
/* End PBXProject section */

/* Begin PBXResourcesBuildPhase section */
		207352111CD10FD000E371AD /* Resources */ = {
			isa = PBXResourcesBuildPhase;
			buildActionMask = 2147483647;
			files = (
				207352211CD10FD000E371AD /* LaunchScreen.storyboard in Resources */,
				2073521E1CD10FD000E371AD /* Assets.xcassets in Resources */,
				2073521C1CD10FD000E371AD /* Main.storyboard in Resources */,
			);
			runOnlyForDeploymentPostprocessing = 0;
		};
/* End PBXResourcesBuildPhase section */

/* Begin PBXSourcesBuildPhase section */
		2073520F1CD10FD000E371AD /* Sources */ = {
			isa = PBXSourcesBuildPhase;
			buildActionMask = 2147483647;
			files = (
				207352191CD10FD000E371AD /* ViewController.swift in Sources */,
				207352171CD10FD000E371AD /* AppDelegate.swift in Sources */,
			);
			runOnlyForDeploymentPostprocessing = 0;
		};
/* End PBXSourcesBuildPhase section */

/* Begin PBXVariantGroup section */
		2073521A1CD10FD000E371AD /* Main.storyboard */ = {
			isa = PBXVariantGroup;
			children = (
				2073521B1CD10FD000E371AD /* Base */,
			);
			name = Main.storyboard;
			sourceTree = "<group>";
		};
		2073521F1CD10FD000E371AD /* LaunchScreen.storyboard */ = {
			isa = PBXVariantGroup;
			children = (
				207352201CD10FD000E371AD /* Base */,
			);
			name = LaunchScreen.storyboard;
			sourceTree = "<group>";
		};
/* End PBXVariantGroup section */

/* Begin XCBuildConfiguration section */
		207352231CD10FD000E371AD /* Debug */ = {
			isa = XCBuildConfiguration;
			buildSettings = {
				ALWAYS_SEARCH_USER_PATHS = NO;
				CLANG_ANALYZER_NONNULL = YES;
				CLANG_CXX_LANGUAGE_STANDARD = "gnu++0x";
				CLANG_CXX_LIBRARY = "libc++";
				CLANG_ENABLE_MODULES = YES;
				CLANG_ENABLE_OBJC_ARC = YES;
				CLANG_WARN_BOOL_CONVERSION = YES;
				CLANG_WARN_CONSTANT_CONVERSION = YES;
				CLANG_WARN_DIRECT_OBJC_ISA_USAGE = YES_ERROR;
				CLANG_WARN_EMPTY_BODY = YES;
				CLANG_WARN_ENUM_CONVERSION = YES;
				CLANG_WARN_INT_CONVERSION = YES;
				CLANG_WARN_OBJC_ROOT_CLASS = YES_ERROR;
				CLANG_WARN_UNREACHABLE_CODE = YES;
				CLANG_WARN__DUPLICATE_METHOD_MATCH = YES;
				"CODE_SIGN_IDENTITY[sdk=iphoneos*]" = "iPhone Developer";
				COPY_PHASE_STRIP = NO;
				DEBUG_INFORMATION_FORMAT = dwarf;
				ENABLE_STRICT_OBJC_MSGSEND = YES;
				ENABLE_TESTABILITY = YES;
				GCC_C_LANGUAGE_STANDARD = gnu99;
				GCC_DYNAMIC_NO_PIC = NO;
				GCC_NO_COMMON_BLOCKS = YES;
				GCC_OPTIMIZATION_LEVEL = 0;
				GCC_PREPROCESSOR_DEFINITIONS = (
					"DEBUG=1",
					"$(inherited)",
				);
				GCC_WARN_64_TO_32_BIT_CONVERSION = YES;
				GCC_WARN_ABOUT_RETURN_TYPE = YES_ERROR;
				GCC_WARN_UNDECLARED_SELECTOR = YES;
				GCC_WARN_UNINITIALIZED_AUTOS = YES_AGGRESSIVE;
				GCC_WARN_UNUSED_FUNCTION = YES;
				GCC_WARN_UNUSED_VARIABLE = YES;
				IPHONEOS_DEPLOYMENT_TARGET = 9.3;
				MTL_ENABLE_DEBUG_INFO = YES;
				ONLY_ACTIVE_ARCH = YES;
				SDKROOT = iphoneos;
				SWIFT_OPTIMIZATION_LEVEL = "-Onone";
				TARGETED_DEVICE_FAMILY = "1,2";
			};
			name = Debug;
		};
		207352241CD10FD000E371AD /* Release */ = {
			isa = XCBuildConfiguration;
			buildSettings = {
				ALWAYS_SEARCH_USER_PATHS = NO;
				CLANG_ANALYZER_NONNULL = YES;
				CLANG_CXX_LANGUAGE_STANDARD = "gnu++0x";
				CLANG_CXX_LIBRARY = "libc++";
				CLANG_ENABLE_MODULES = YES;
				CLANG_ENABLE_OBJC_ARC = YES;
				CLANG_WARN_BOOL_CONVERSION = YES;
				CLANG_WARN_CONSTANT_CONVERSION = YES;
				CLANG_WARN_DIRECT_OBJC_ISA_USAGE = YES_ERROR;
				CLANG_WARN_EMPTY_BODY = YES;
				CLANG_WARN_ENUM_CONVERSION = YES;
				CLANG_WARN_INT_CONVERSION = YES;
				CLANG_WARN_OBJC_ROOT_CLASS = YES_ERROR;
				CLANG_WARN_UNREACHABLE_CODE = YES;
				CLANG_WARN__DUPLICATE_METHOD_MATCH = YES;
				"CODE_SIGN_IDENTITY[sdk=iphoneos*]" = "iPhone Developer";
				COPY_PHASE_STRIP = NO;
				DEBUG_INFORMATION_FORMAT = "dwarf-with-dsym";
				ENABLE_NS_ASSERTIONS = NO;
				ENABLE_STRICT_OBJC_MSGSEND = YES;
				GCC_C_LANGUAGE_STANDARD = gnu99;
				GCC_NO_COMMON_BLOCKS = YES;
				GCC_WARN_64_TO_32_BIT_CONVERSION = YES;
				GCC_WARN_ABOUT_RETURN_TYPE = YES_ERROR;
				GCC_WARN_UNDECLARED_SELECTOR = YES;
				GCC_WARN_UNINITIALIZED_AUTOS = YES_AGGRESSIVE;
				GCC_WARN_UNUSED_FUNCTION = YES;
				GCC_WARN_UNUSED_VARIABLE = YES;
				IPHONEOS_DEPLOYMENT_TARGET = 9.3;
				MTL_ENABLE_DEBUG_INFO = NO;
				SDKROOT = iphoneos;
				TARGETED_DEVICE_FAMILY = "1,2";
				VALIDATE_PRODUCT = YES;
			};
			name = Release;
		};
		207352261CD10FD000E371AD /* Debug */ = {
			isa = XCBuildConfiguration;
			buildSettings = {
				ASSETCATALOG_COMPILER_APPICON_NAME = AppIcon;
				INFOPLIST_FILE = MobileJazz/Info.plist;
				LD_RUNPATH_SEARCH_PATHS = "$(inherited) @executable_path/Frameworks";
				PRODUCT_BUNDLE_IDENTIFIER = com.nakkotech.MobileJazz;
				PRODUCT_NAME = "$(TARGET_NAME)";
			};
			name = Debug;
		};
		207352271CD10FD000E371AD /* Release */ = {
			isa = XCBuildConfiguration;
			buildSettings = {
				ASSETCATALOG_COMPILER_APPICON_NAME = AppIcon;
				INFOPLIST_FILE = MobileJazz/Info.plist;
				LD_RUNPATH_SEARCH_PATHS = "$(inherited) @executable_path/Frameworks";
				PRODUCT_BUNDLE_IDENTIFIER = com.nakkotech.MobileJazz;
				PRODUCT_NAME = "$(TARGET_NAME)";
			};
			name = Release;
		};
/* End XCBuildConfiguration section */

/* Begin XCConfigurationList section */
		2073520E1CD10FD000E371AD /* Build configuration list for PBXProject "MobileJazz" */ = {
			isa = XCConfigurationList;
			buildConfigurations = (
				207352231CD10FD000E371AD /* Debug */,
				207352241CD10FD000E371AD /* Release */,
			);
			defaultConfigurationIsVisible = 0;
			defaultConfigurationName = Release;
		};
		207352251CD10FD000E371AD /* Build configuration list for PBXNativeTarget "MobileJazz" */ = {
			isa = XCConfigurationList;
			buildConfigurations = (
				207352261CD10FD000E371AD /* Debug */,
				207352271CD10FD000E371AD /* Release */,
			);
			defaultConfigurationIsVisible = 0;
		};
/* End XCConfigurationList section */
	};
	rootObject = 2073520B1CD10FD000E371AD /* Project object */;
}
